{
  "name": "pl-observation-sample",
  "lockfileVersion": 3,
  "requires": true,
  "packages": {
    "": {
      "dependencies": {
        "@syncfusion/ej2-react-layouts": "^25.2.3"
      }
    },
    "node_modules/@syncfusion/ej2-base": {
      "version": "25.2.5",
      "resolved": "https://registry.npmjs.org/@syncfusion/ej2-base/-/ej2-base-25.2.5.tgz",
      "integrity": "sha512-9nn6o+rR2GpjBLQdfNRzyHIBwH8pANr5TcLWFTcrJlX++u12snWubtrv+b3JH37cdSSG6BDOqCLLfVpRSNyL7g==",
      "dependencies": {
        "@syncfusion/ej2-icons": "~25.2.3"
      },
      "bin": {
        "syncfusion-license": "bin/syncfusion-license.js"
      }
    },
    "node_modules/@syncfusion/ej2-icons": {
      "version": "25.2.3",
      "resolved": "https://registry.npmjs.org/@syncfusion/ej2-icons/-/ej2-icons-25.2.3.tgz",
      "integrity": "sha512-WptrAR3YShA8S+mushGCojRmBgLUCYpsYq1Nw1S1ynWNRcijlZgdil5L7LjaGA8H6CA/mFG5BMBDCmZ76hYX1A=="
    },
    "node_modules/@syncfusion/ej2-layouts": {
      "version": "25.2.3",
      "resolved": "https://registry.npmjs.org/@syncfusion/ej2-layouts/-/ej2-layouts-25.2.3.tgz",
      "integrity": "sha512-n0M5IirG4/ciFYdCF/KSD1vprInm2F25vEP/Rrxbkl6DhEVsYbdMMR8rNwuNhlLGvgmguBH6i9A9dlNoZbV4Bw==",
      "dependencies": {
        "@syncfusion/ej2-base": "~25.2.3"
      }
    },
    "node_modules/@syncfusion/ej2-react-base": {
      "version": "25.2.6",
      "resolved": "https://registry.npmjs.org/@syncfusion/ej2-react-base/-/ej2-react-base-25.2.6.tgz",
      "integrity": "sha512-Mltemrof6wIGAFaBg9JsGFrWzM8Df2src9DsMSnvW36HG4rgcfVFGJI5Satu/ewbBAXzdvxYvo3qtBzl1xf2yA==",
      "dependencies": {
        "@syncfusion/ej2-base": "~25.2.5"
      }
    },
    "node_modules/@syncfusion/ej2-react-layouts": {
      "version": "25.2.3",
      "resolved": "https://registry.npmjs.org/@syncfusion/ej2-react-layouts/-/ej2-react-layouts-25.2.3.tgz",
      "integrity": "sha512-FJMxNJzoJSpMrvcp8Ib17H03IEe3oy/assXlWLriprHNMZoZ8fWCnsGewj2CG/7qo1e9HGUN2ERrUE0QiQacFg==",
      "dependencies": {
        "@syncfusion/ej2-base": "~25.2.3",
        "@syncfusion/ej2-layouts": "25.2.3",
        "@syncfusion/ej2-react-base": "~25.2.3"
      }
    }
  }
}
